Microsoft Visual Studio Solution File, Format Version 12.00
# Visual Studio Version 16
VisualStudioVersion = 16.0.30011.22
MinimumVisualStudioVersion = 10.0.40219.1
Project("{9A19103F-16F7-4668-BE54-9A1E7A4F7556}") = "Intent.Modules.Java.Services", "Intent.Modules.Java.Services\Intent.Modules.Java.Services.csproj", "{9A39A5E5-1C2A-4DF7-BAB4-5D2760783B6D}"
EndProject
Project("{9A19103F-16F7-4668-BE54-9A1E7A4F7556}") = "Intent.Modules.Java.SpringBoot", "Intent.Modules.Java.SpringBoot\Intent.Modules.Java.SpringBoot.csproj", "{915037D0-3D43-4CDA-9777-BB75B8BD5C63}"
EndProject
Project("{9A19103F-16F7-4668-BE54-9A1E7A4F7556}") = "Intent.Modules.Java.Domain", "Intent.Modules.Java.Domain\Intent.Modules.Java.Domain.csproj", "{586E75C2-AE1C-4988-9E68-89C2696670BD}"
EndProject
Project("{9A19103F-16F7-4668-BE54-9A1E7A4F7556}") = "Intent.Modules.Java.Maven", "Intent.Modules.Java.Maven\Intent.Modules.Java.Maven.csproj", "{2AEE7253-E4D7-4433-95B7-561CA904F214}"
EndProject
Project("{9A19103F-16F7-4668-BE54-9A1E7A4F7556}") = "Intent.ApplicationTemplates.Java", "Intent.ApplicationTemplates.Java\Intent.ApplicationTemplates.Java.csproj", "{06CAED4B-C0EA-4239-A4E7-6FEBEA061869}"
EndProject
Project("{FAE04EC0-301F-11D3-BF4B-00C04F79EFBC}") = "Intent.Modules.Java.Persistence.JPA", "Intent.Modules.Java.Persistence.JPA\Intent.Modules.Java.Persistence.JPA.csproj", "{F92DF344-0995-48CF-9967-DB535AD749B6}"
EndProject
Project("{FAE04EC0-301F-11D3-BF4B-00C04F79EFBC}") = "Intent.Modules.Java.Weaving.Annotations", "Intent.Modules.Java.Weaving.Annotations\Intent.Modules.Java.Weaving.Annotations.csproj", "{9BA4083B-CA3E-4813-8A51-ACE7E6B40366}"
EndProject
Project("{FAE04EC0-301F-11D3-BF4B-00C04F79EFBC}") = "Intent.Modules.Java.Spring.Data.Repositories", "Intent.Modules.Java.Spring.Data.Repositories\Intent.Modules.Java.Spring.Data.Repositories.csproj", "{5EE9053B-4284-4568-9E38-3A4AA5A53AC2}"
EndProject
Project("{FAE04EC0-301F-11D3-BF4B-00C04F79EFBC}") = "Intent.Modules.Java.BeanValidation", "Intent.Modules.Java.BeanValidation\Intent.Modules.Java.BeanValidation.csproj", "{8220ED3B-FABC-4FF0-945C-ACAFB0ED917C}"
EndProject
Project("{FAE04EC0-301F-11D3-BF4B-00C04F79EFBC}") = "Intent.Modules.Java.ModelMapper", "Intent.Modules.Java.ModelMapper\Intent.Modules.Java.ModelMapper.csproj", "{997D1487-CFEA-43D7-9AEC-BE05F101F8DF}"
EndProject
Project("{FAE04EC0-301F-11D3-BF4B-00C04F79EFBC}") = "Intent.Modules.Java.SpringFox.Swagger", "Intent.Modules.Java.SpringFox.Swagger\Intent.Modules.Java.SpringFox.Swagger.csproj", "{AD411F25-020A-4D8A-89C8-166EDEE814B5}"
EndProject
Project("{FAE04EC0-301F-11D3-BF4B-00C04F79EFBC}") = "Intent.Modules.Java.Spring.Cors", "Intent.Modules.Java.Spring.Cors\Intent.Modules.Java.Spring.Cors.csproj", "{10C0B22A-10CB-477A-9C0F-FEFD470ED8E0}"
EndProject
Global
	GlobalSection(SolutionConfigurationPlatforms) = preSolution
		Debug|Any CPU = Debug|Any CPU
		Release|Any CPU = Release|Any CPU
	EndGlobalSection
	GlobalSection(ProjectConfigurationPlatforms) = postSolution
		{9A39A5E5-1C2A-4DF7-BAB4-5D2760783B6D}.Debug|Any CPU.ActiveCfg = Debug|Any CPU
		{9A39A5E5-1C2A-4DF7-BAB4-5D2760783B6D}.Debug|Any CPU.Build.0 = Debug|Any CPU
		{9A39A5E5-1C2A-4DF7-BAB4-5D2760783B6D}.Release|Any CPU.ActiveCfg = Release|Any CPU
		{9A39A5E5-1C2A-4DF7-BAB4-5D2760783B6D}.Release|Any CPU.Build.0 = Release|Any CPU
		{915037D0-3D43-4CDA-9777-BB75B8BD5C63}.Debug|Any CPU.ActiveCfg = Debug|Any CPU
		{915037D0-3D43-4CDA-9777-BB75B8BD5C63}.Debug|Any CPU.Build.0 = Debug|Any CPU
		{915037D0-3D43-4CDA-9777-BB75B8BD5C63}.Release|Any CPU.ActiveCfg = Release|Any CPU
		{915037D0-3D43-4CDA-9777-BB75B8BD5C63}.Release|Any CPU.Build.0 = Release|Any CPU
		{586E75C2-AE1C-4988-9E68-89C2696670BD}.Debug|Any CPU.ActiveCfg = Debug|Any CPU
		{586E75C2-AE1C-4988-9E68-89C2696670BD}.Debug|Any CPU.Build.0 = Debug|Any CPU
		{586E75C2-AE1C-4988-9E68-89C2696670BD}.Release|Any CPU.ActiveCfg = Release|Any CPU
		{586E75C2-AE1C-4988-9E68-89C2696670BD}.Release|Any CPU.Build.0 = Release|Any CPU
		{2AEE7253-E4D7-4433-95B7-561CA904F214}.Debug|Any CPU.ActiveCfg = Debug|Any CPU
		{2AEE7253-E4D7-4433-95B7-561CA904F214}.Debug|Any CPU.Build.0 = Debug|Any CPU
		{2AEE7253-E4D7-4433-95B7-561CA904F214}.Release|Any CPU.ActiveCfg = Release|Any CPU
		{2AEE7253-E4D7-4433-95B7-561CA904F214}.Release|Any CPU.Build.0 = Release|Any CPU
		{06CAED4B-C0EA-4239-A4E7-6FEBEA061869}.Debug|Any CPU.ActiveCfg = Debug|Any CPU
		{06CAED4B-C0EA-4239-A4E7-6FEBEA061869}.Debug|Any CPU.Build.0 = Debug|Any CPU
		{06CAED4B-C0EA-4239-A4E7-6FEBEA061869}.Release|Any CPU.ActiveCfg = Release|Any CPU
		{06CAED4B-C0EA-4239-A4E7-6FEBEA061869}.Release|Any CPU.Build.0 = Release|Any CPU
		{F92DF344-0995-48CF-9967-DB535AD749B6}.Debug|Any CPU.ActiveCfg = Debug|Any CPU
		{F92DF344-0995-48CF-9967-DB535AD749B6}.Debug|Any CPU.Build.0 = Debug|Any CPU
		{F92DF344-0995-48CF-9967-DB535AD749B6}.Release|Any CPU.ActiveCfg = Release|Any CPU
		{F92DF344-0995-48CF-9967-DB535AD749B6}.Release|Any CPU.Build.0 = Release|Any CPU
		{9BA4083B-CA3E-4813-8A51-ACE7E6B40366}.Debug|Any CPU.ActiveCfg = Debug|Any CPU
		{9BA4083B-CA3E-4813-8A51-ACE7E6B40366}.Debug|Any CPU.Build.0 = Debug|Any CPU
		{9BA4083B-CA3E-4813-8A51-ACE7E6B40366}.Release|Any CPU.ActiveCfg = Release|Any CPU
		{9BA4083B-CA3E-4813-8A51-ACE7E6B40366}.Release|Any CPU.Build.0 = Release|Any CPU
		{5EE9053B-4284-4568-9E38-3A4AA5A53AC2}.Debug|Any CPU.ActiveCfg = Debug|Any CPU
		{5EE9053B-4284-4568-9E38-3A4AA5A53AC2}.Debug|Any CPU.Build.0 = Debug|Any CPU
		{5EE9053B-4284-4568-9E38-3A4AA5A53AC2}.Release|Any CPU.ActiveCfg = Release|Any CPU
		{5EE9053B-4284-4568-9E38-3A4AA5A53AC2}.Release|Any CPU.Build.0 = Release|Any CPU
		{8220ED3B-FABC-4FF0-945C-ACAFB0ED917C}.Debug|Any CPU.ActiveCfg = Debug|Any CPU
		{8220ED3B-FABC-4FF0-945C-ACAFB0ED917C}.Debug|Any CPU.Build.0 = Debug|Any CPU
		{8220ED3B-FABC-4FF0-945C-ACAFB0ED917C}.Release|Any CPU.ActiveCfg = Release|Any CPU
		{8220ED3B-FABC-4FF0-945C-ACAFB0ED917C}.Release|Any CPU.Build.0 = Release|Any CPU
		{997D1487-CFEA-43D7-9AEC-BE05F101F8DF}.Debug|Any CPU.ActiveCfg = Debug|Any CPU
		{997D1487-CFEA-43D7-9AEC-BE05F101F8DF}.Debug|Any CPU.Build.0 = Debug|Any CPU
		{997D1487-CFEA-43D7-9AEC-BE05F101F8DF}.Release|Any CPU.ActiveCfg = Release|Any CPU
		{997D1487-CFEA-43D7-9AEC-BE05F101F8DF}.Release|Any CPU.Build.0 = Release|Any CPU
		{AD411F25-020A-4D8A-89C8-166EDEE814B5}.Debug|Any CPU.ActiveCfg = Debug|Any CPU
		{AD411F25-020A-4D8A-89C8-166EDEE814B5}.Debug|Any CPU.Build.0 = Debug|Any CPU
		{AD411F25-020A-4D8A-89C8-166EDEE814B5}.Release|Any CPU.ActiveCfg = Release|Any CPU
		{AD411F25-020A-4D8A-89C8-166EDEE814B5}.Release|Any CPU.Build.0 = Release|Any CPU
		{10C0B22A-10CB-477A-9C0F-FEFD470ED8E0}.Debug|Any CPU.ActiveCfg = Debug|Any CPU
		{10C0B22A-10CB-477A-9C0F-FEFD470ED8E0}.Debug|Any CPU.Build.0 = Debug|Any CPU
		{10C0B22A-10CB-477A-9C0F-FEFD470ED8E0}.Release|Any CPU.ActiveCfg = Release|Any CPU
		{10C0B22A-10CB-477A-9C0F-FEFD470ED8E0}.Release|Any CPU.Build.0 = Release|Any CPU
	EndGlobalSection
	GlobalSection(SolutionProperties) = preSolution
		HideSolutionNode = FALSE
	EndGlobalSection
	GlobalSection(ExtensibilityGlobals) = postSolution
		SolutionGuid = {DAEF00C2-32D0-437F-BBBC-96B2DC1C90B4}
	EndGlobalSection
	GlobalSection(NestedProjects) = postSolution
	EndGlobalSection
EndGlobal
